{
  "name": "MovieWebsite",
  "lockfileVersion": 3,
  "requires": true,
  "packages": {
    "": {
      "dependencies": {
        "@calendarjs/ce": "^1.0.6"
      }
    },
    "node_modules/@calendarjs/ce": {
      "version": "1.0.6",
      "resolved": "https://registry.npmjs.org/@calendarjs/ce/-/ce-1.0.6.tgz",
      "integrity": "sha512-hOFrqX5tuKHSatIG8QQnIVRLyfEBKWvfoe1O8Z6HoQ7AF4zpr7nphgLqAarCNgMg3H7PUQvazDwAjm0W/z7RsA==",
      "license": "MIT",
      "dependencies": {
        "lemonadejs": "^5.3.3"
      }
    },
    "node_modules/lemonadejs": {
      "version": "5.3.6",
      "resolved": "https://registry.npmjs.org/lemonadejs/-/lemonadejs-5.3.6.tgz",
      "integrity": "sha512-GfmoZvCcnesiRsU9oC3OJDZ2VU+U4TsOJKD3A+rEV7dwm2IBO0xaBkLYtpgY3kcoFQjm7u5k9KSQXEtIkanjHQ=="
    }
  }
}
